
Microsoft Visual Studio Solution File, Format Version 11.00
# Visual Studio 2010
Project("{FAE04EC0-301F-11D3-BF4B-00C04F79EFBC}") = "Assembly-CSharp", "Assembly-CSharp.csproj", "{186C9DD3-4A2C-FAEE-96E9-A1F9D60CB2C0}"
EndProject
Project("{FAE04EC0-301F-11D3-BF4B-00C04F79EFBC}") = "Assembly-CSharp-Editor", "Assembly-CSharp-Editor.csproj", "{A724F393-3978-EF31-924B-35CD99707C83}"
EndProject
Global
	GlobalSection(SolutionConfigurationPlatforms) = preSolution
		Debug|Any CPU = Debug|Any CPU
		Release|Any CPU = Release|Any CPU
	EndGlobalSection
	GlobalSection(ProjectConfigurationPlatforms) = postSolution
		{186C9DD3-4A2C-FAEE-96E9-A1F9D60CB2C0}.Debug|Any CPU.ActiveCfg = Debug|Any CPU
		{186C9DD3-4A2C-FAEE-96E9-A1F9D60CB2C0}.Debug|Any CPU.Build.0 = Debug|Any CPU
		{186C9DD3-4A2C-FAEE-96E9-A1F9D60CB2C0}.Release|Any CPU.ActiveCfg = Release|Any CPU
		{186C9DD3-4A2C-FAEE-96E9-A1F9D60CB2C0}.Release|Any CPU.Build.0 = Release|Any CPU
		{A724F393-3978-EF31-924B-35CD99707C83}.Debug|Any CPU.ActiveCfg = Debug|Any CPU
		{A724F393-3978-EF31-924B-35CD99707C83}.Debug|Any CPU.Build.0 = Debug|Any CPU
		{A724F393-3978-EF31-924B-35CD99707C83}.Release|Any CPU.ActiveCfg = Release|Any CPU
		{A724F393-3978-EF31-924B-35CD99707C83}.Release|Any CPU.Build.0 = Release|Any CPU
	EndGlobalSection
	GlobalSection(SolutionProperties) = preSolution
		HideSolutionNode = FALSE
	EndGlobalSection
EndGlobal
